{
  "name": "Test-Project",
  "version": "1.0.0",
  "lockfileVersion": 1,
  "requires": true,
  "dependencies": {
    "test-cms-components": {
      "version": "1.0.1",
      "resolved": "https://registry.npmjs.org/test-cms-components/-/test-cms-components-1.0.1.tgz",
      "integrity": "sha512-El2swvdkwCAJmHbNdOimy+vz+rKTOpZDUMeWzbs5nZzq4+Yxdcz8n0bIY4q9exOxPBt5LOM2JIK7usawd4WQ1A=="
    }
  }
}
